{
  "name": "ajs_node",
  "version": "1.0.0",
  "lockfileVersion": 2,
  "requires": true,
  "packages": {
    "": {
      "name": "ajs_node",
      "version": "1.0.0",
      "license": "ISC",
      "dependencies": {
        "@karina-vinogradova/ajs": "^1.0.0"
      }
    },
    "node_modules/@karina-vinogradova/ajs": {
      "version": "1.0.0",
      "resolved": "https://npm.pkg.github.com/download/@karina-vinogradova/ajs/1.0.0/7a47d2d42de5fd1ff8a265081f087f2e001215e7f6395ff786bf6f0754f81c13",
      "integrity": "sha512-/WdFVdzJJibUsQaUOqMCSlfRSLuC7px5CVA8WXBU9zndcQwgNo6rNCkl17FXJv5/2s9UphmCU1nR31V/aOLI/g==",
      "license": "ISC"
    }
  },
  "dependencies": {
    "@karina-vinogradova/ajs": {
      "version": "1.0.0",
      "resolved": "https://npm.pkg.github.com/download/@karina-vinogradova/ajs/1.0.0/7a47d2d42de5fd1ff8a265081f087f2e001215e7f6395ff786bf6f0754f81c13",
      "integrity": "sha512-/WdFVdzJJibUsQaUOqMCSlfRSLuC7px5CVA8WXBU9zndcQwgNo6rNCkl17FXJv5/2s9UphmCU1nR31V/aOLI/g=="
    }
  }
}
